# THIS IS AN AUTOGENERATED FILE. DO NOT EDIT THIS FILE DIRECTLY.
# yarn lockfile v1


blakejs@^1.1.0:
  version "1.1.0"
  resolved "https://registry.yarnpkg.com/blakejs/-/blakejs-1.1.0.tgz#69df92ef953aa88ca51a32df6ab1c54a155fc7a5"

tweetnacl@^1.0.0:
  version "1.0.0"
  resolved "https://registry.yarnpkg.com/tweetnacl/-/tweetnacl-1.0.0.tgz#713d8b818da42068740bf68386d0479e66fc8a7b"
